
Microsoft Visual Studio Solution File, Format Version 12.00
# Visual Studio Version 16
VisualStudioVersion = 16.0.31019.35
MinimumVisualStudioVersion = 10.0.40219.1
Project("{FAE04EC0-301F-11D3-BF4B-00C04F79EFBC}") = "Time changed to cities", "Time changetd to cities\Time changed to cities.csproj", "{B4D879AA-0BD7-46A6-8BBE-709359C1D4E0}"
EndProject
Global
	GlobalSection(SolutionConfigurationPlatforms) = preSolution
		Debug|Any CPU = Debug|Any CPU
		Release|Any CPU = Release|Any CPU
	EndGlobalSection
	GlobalSection(ProjectConfigurationPlatforms) = postSolution
		{B4D879AA-0BD7-46A6-8BBE-709359C1D4E0}.Debug|Any CPU.ActiveCfg = Debug|Any CPU
		{B4D879AA-0BD7-46A6-8BBE-709359C1D4E0}.Debug|Any CPU.Build.0 = Debug|Any CPU
		{B4D879AA-0BD7-46A6-8BBE-709359C1D4E0}.Release|Any CPU.ActiveCfg = Release|Any CPU
		{B4D879AA-0BD7-46A6-8BBE-709359C1D4E0}.Release|Any CPU.Build.0 = Release|Any CPU
	EndGlobalSection
	GlobalSection(SolutionProperties) = preSolution
		HideSolutionNode = FALSE
	EndGlobalSection
	GlobalSection(ExtensibilityGlobals) = postSolution
		SolutionGuid = {834FED0D-7607-4FF7-8AA1-2C0346AD34FA}
	EndGlobalSection
EndGlobal
